// !$*UTF8*$!
{
	archiveVersion = 1;
	classes = {
	};
	objectVersion = 56;
	objects = {

/* Begin PBXBuildFile section */
		81D37C752BAC29F60043996A /* AppDelegate.swift in Sources */ = {isa = PBXBuildFile; fileRef = 81D37C742BAC29F60043996A /* AppDelegate.swift */; };
		81D37C772BAC29F60043996A /* SceneDelegate.swift in Sources */ = {isa = PBXBuildFile; fileRef = 81D37C762BAC29F60043996A /* SceneDelegate.swift */; };
		81D37C792BAC29F60043996A /* ViewController.swift in Sources */ = {isa = PBXBuildFile; fileRef = 81D37C782BAC29F60043996A /* ViewController.swift */; };
		81D37C7C2BAC29F60043996A /* Base in Resources */ = {isa = PBXBuildFile; fileRef = 81D37C7B2BAC29F60043996A /* Base */; };
		81D37C7E2BAC29F70043996A /* Assets.xcassets in Resources */ = {isa = PBXBuildFile; fileRef = 81D37C7D2BAC29F70043996A /* Assets.xcassets */; };
		81D37C812BAC29F70043996A /* Base in Resources */ = {isa = PBXBuildFile; fileRef = 81D37C802BAC29F70043996A /* Base */; };
		81D37C8C2BAC29F70043996A /* _st_hw_YooJaeHyeokTests.swift in Sources */ = {isa = PBXBuildFile; fileRef = 81D37C8B2BAC29F70043996A /* _st_hw_YooJaeHyeokTests.swift */; };
		81D37C962BAC29F70043996A /* _st_hw_YooJaeHyeokUITests.swift in Sources */ = {isa = PBXBuildFile; fileRef = 81D37C952BAC29F70043996A /* _st_hw_YooJaeHyeokUITests.swift */; };
		81D37C982BAC29F70043996A /* _st_hw_YooJaeHyeokUITestsLaunchTests.swift in Sources */ = {isa = PBXBuildFile; fileRef = 81D37C972BAC29F70043996A /* _st_hw_YooJaeHyeokUITestsLaunchTests.swift */; };
/* End PBXBuildFile section */

/* Begin PBXContainerItemProxy section */
		81D37C882BAC29F70043996A /* PBXContainerItemProxy */ = {
			isa = PBXContainerItemProxy;
			containerPortal = 81D37C692BAC29F60043996A /* Project object */;
			proxyType = 1;
			remoteGlobalIDString = 81D37C702BAC29F60043996A;
			remoteInfo = 1st_hw_YooJaeHyeok;
		};
		81D37C922BAC29F70043996A /* PBXContainerItemProxy */ = {
			isa = PBXContainerItemProxy;
			containerPortal = 81D37C692BAC29F60043996A /* Project object */;
			proxyType = 1;
			remoteGlobalIDString = 81D37C702BAC29F60043996A;
			remoteInfo = 1st_hw_YooJaeHyeok;
		};
/* End PBXContainerItemProxy section */

/* Begin PBXFileReference section */
		81D37C712BAC29F60043996A /* 1st_hw_YooJaeHyeok.app */ = {isa = PBXFileReference; explicitFileType = wrapper.application; includeInIndex = 0; path = 1st_hw_YooJaeHyeok.app; sourceTree = BUILT_PRODUCTS_DIR; };
		81D37C742BAC29F60043996A /* AppDelegate.swift */ = {isa = PBXFileReference; lastKnownFileType = sourcecode.swift; path = AppDelegate.swift; sourceTree = "<group>"; };
		81D37C762BAC29F60043996A /* SceneDelegate.swift */ = {isa = PBXFileReference; lastKnownFileType = sourcecode.swift; path = SceneDelegate.swift; sourceTree = "<group>"; };
		81D37C782BAC29F60043996A /* ViewController.swift */ = {isa = PBXFileReference; lastKnownFileType = sourcecode.swift; path = ViewController.swift; sourceTree = "<group>"; };
		81D37C7B2BAC29F60043996A /* Base */ = {isa = PBXFileReference; lastKnownFileType = file.storyboard; name = Base; path = Base.lproj/Main.storyboard; sourceTree = "<group>"; };
		81D37C7D2BAC29F70043996A /* Assets.xcassets */ = {isa = PBXFileReference; lastKnownFileType = folder.assetcatalog; path = Assets.xcassets; sourceTree = "<group>"; };
		81D37C802BAC29F70043996A /* Base */ = {isa = PBXFileReference; lastKnownFileType = file.storyboard; name = Base; path = Base.lproj/LaunchScreen.storyboard; sourceTree = "<group>"; };
		81D37C822BAC29F70043996A /* Info.plist */ = {isa = PBXFileReference; lastKnownFileType = text.plist.xml; path = Info.plist; sourceTree = "<group>"; };
		81D37C872BAC29F70043996A /* 1st_hw_YooJaeHyeokTests.xctest */ = {isa = PBXFileReference; explicitFileType = wrapper.cfbundle; includeInIndex = 0; path = 1st_hw_YooJaeHyeokTests.xctest; sourceTree = BUILT_PRODUCTS_DIR; };
		81D37C8B2BAC29F70043996A /* _st_hw_YooJaeHyeokTests.swift */ = {isa = PBXFileReference; lastKnownFileType = sourcecode.swift; path = _st_hw_YooJaeHyeokTests.swift; sourceTree = "<group>"; };
		81D37C912BAC29F70043996A /* 1st_hw_YooJaeHyeokUITests.xctest */ = {isa = PBXFileReference; explicitFileType = wrapper.cfbundle; includeInIndex = 0; path = 1st_hw_YooJaeHyeokUITests.xctest; sourceTree = BUILT_PRODUCTS_DIR; };
		81D37C952BAC29F70043996A /* _st_hw_YooJaeHyeokUITests.swift */ = {isa = PBXFileReference; lastKnownFileType = sourcecode.swift; path = _st_hw_YooJaeHyeokUITests.swift; sourceTree = "<group>"; };
		81D37C972BAC29F70043996A /* _st_hw_YooJaeHyeokUITestsLaunchTests.swift */ = {isa = PBXFileReference; lastKnownFileType = sourcecode.swift; path = _st_hw_YooJaeHyeokUITestsLaunchTests.swift; sourceTree = "<group>"; };
/* End PBXFileReference section */

/* Begin PBXFrameworksBuildPhase section */
		81D37C6E2BAC29F60043996A /* Frameworks */ = {
			isa = PBXFrameworksBuildPhase;
			buildActionMask = 2147483647;
			files = (
			);
			runOnlyForDeploymentPostprocessing = 0;
		};
		81D37C842BAC29F70043996A /* Frameworks */ = {
			isa = PBXFrameworksBuildPhase;
			buildActionMask = 2147483647;
			files = (
			);
			runOnlyForDeploymentPostprocessing = 0;
		};
		81D37C8E2BAC29F70043996A /* Frameworks */ = {
			isa = PBXFrameworksBuildPhase;
			buildActionMask = 2147483647;
			files = (
			);
			runOnlyForDeploymentPostprocessing = 0;
		};
/* End PBXFrameworksBuildPhase section */

/* Begin PBXGroup section */
		81D37C682BAC29F60043996A = {
			isa = PBXGroup;
			children = (
				81D37C732BAC29F60043996A /* 1st_hw_YooJaeHyeok */,
				81D37C8A2BAC29F70043996A /* 1st_hw_YooJaeHyeokTests */,
				81D37C942BAC29F70043996A /* 1st_hw_YooJaeHyeokUITests */,
				81D37C722BAC29F60043996A /* Products */,
			);
			sourceTree = "<group>";
		};
		81D37C722BAC29F60043996A /* Products */ = {
			isa = PBXGroup;
			children = (
				81D37C712BAC29F60043996A /* 1st_hw_YooJaeHyeok.app */,
				81D37C872BAC29F70043996A /* 1st_hw_YooJaeHyeokTests.xctest */,
				81D37C912BAC29F70043996A /* 1st_hw_YooJaeHyeokUITests.xctest */,
			);
			name = Products;
			sourceTree = "<group>";
		};
		81D37C732BAC29F60043996A /* 1st_hw_YooJaeHyeok */ = {
			isa = PBXGroup;
			children = (
				81D37C742BAC29F60043996A /* AppDelegate.swift */,
				81D37C762BAC29F60043996A /* SceneDelegate.swift */,
				81D37C782BAC29F60043996A /* ViewController.swift */,
				81D37C7A2BAC29F60043996A /* Main.storyboard */,
				81D37C7D2BAC29F70043996A /* Assets.xcassets */,
				81D37C7F2BAC29F70043996A /* LaunchScreen.storyboard */,
				81D37C822BAC29F70043996A /* Info.plist */,
			);
			path = 1st_hw_YooJaeHyeok;
			sourceTree = "<group>";
		};
		81D37C8A2BAC29F70043996A /* 1st_hw_YooJaeHyeokTests */ = {
			isa = PBXGroup;
			children = (
				81D37C8B2BAC29F70043996A /* _st_hw_YooJaeHyeokTests.swift */,
			);
			path = 1st_hw_YooJaeHyeokTests;
			sourceTree = "<group>";
		};
		81D37C942BAC29F70043996A /* 1st_hw_YooJaeHyeokUITests */ = {
			isa = PBXGroup;
			children = (
				81D37C952BAC29F70043996A /* _st_hw_YooJaeHyeokUITests.swift */,
				81D37C972BAC29F70043996A /* _st_hw_YooJaeHyeokUITestsLaunchTests.swift */,
			);
			path = 1st_hw_YooJaeHyeokUITests;
			sourceTree = "<group>";
		};
/* End PBXGroup section */

/* Begin PBXNativeTarget section */
		81D37C702BAC29F60043996A /* 1st_hw_YooJaeHyeok */ = {
			isa = PBXNativeTarget;
			buildConfigurationList = 81D37C9B2BAC29F70043996A /* Build configuration list for PBXNativeTarget "1st_hw_YooJaeHyeok" */;
			buildPhases = (
				81D37C6D2BAC29F60043996A /* Sources */,
				81D37C6E2BAC29F60043996A /* Frameworks */,
				81D37C6F2BAC29F60043996A /* Resources */,
			);
			buildRules = (
			);
			dependencies = (
			);
			name = 1st_hw_YooJaeHyeok;
			productName = 1st_hw_YooJaeHyeok;
			productReference = 81D37C712BAC29F60043996A /* 1st_hw_YooJaeHyeok.app */;
			productType = "com.apple.product-type.application";
		};
		81D37C862BAC29F70043996A /* 1st_hw_YooJaeHyeokTests */ = {
			isa = PBXNativeTarget;
			buildConfigurationList = 81D37C9E2BAC29F70043996A /* Build configuration list for PBXNativeTarget "1st_hw_YooJaeHyeokTests" */;
			buildPhases = (
				81D37C832BAC29F70043996A /* Sources */,
				81D37C842BAC29F70043996A /* Frameworks */,
				81D37C852BAC29F70043996A /* Resources */,
			);
			buildRules = (
			);
			dependencies = (
				81D37C892BAC29F70043996A /* PBXTargetDependency */,
			);
			name = 1st_hw_YooJaeHyeokTests;
			productName = 1st_hw_YooJaeHyeokTests;
			productReference = 81D37C872BAC29F70043996A /* 1st_hw_YooJaeHyeokTests.xctest */;
			productType = "com.apple.product-type.bundle.unit-test";
		};
		81D37C902BAC29F70043996A /* 1st_hw_YooJaeHyeokUITests */ = {
			isa = PBXNativeTarget;
			buildConfigurationList = 81D37CA12BAC29F70043996A /* Build configuration list for PBXNativeTarget "1st_hw_YooJaeHyeokUITests" */;
			buildPhases = (
				81D37C8D2BAC29F70043996A /* Sources */,
				81D37C8E2BAC29F70043996A /* Frameworks */,
				81D37C8F2BAC29F70043996A /* Resources */,
			);
			buildRules = (
			);
			dependencies = (
				81D37C932BAC29F70043996A /* PBXTargetDependency */,
			);
			name = 1st_hw_YooJaeHyeokUITests;
			productName = 1st_hw_YooJaeHyeokUITests;
			productReference = 81D37C912BAC29F70043996A /* 1st_hw_YooJaeHyeokUITests.xctest */;
			productType = "com.apple.product-type.bundle.ui-testing";
		};
/* End PBXNativeTarget section */

/* Begin PBXProject section */
		81D37C692BAC29F60043996A /* Project object */ = {
			isa = PBXProject;
			attributes = {
				BuildIndependentTargetsInParallel = 1;
				LastSwiftUpdateCheck = 1530;
				LastUpgradeCheck = 1530;
				TargetAttributes = {
					81D37C702BAC29F60043996A = {
						CreatedOnToolsVersion = 15.3;
					};
					81D37C862BAC29F70043996A = {
						CreatedOnToolsVersion = 15.3;
						TestTargetID = 81D37C702BAC29F60043996A;
					};
					81D37C902BAC29F70043996A = {
						CreatedOnToolsVersion = 15.3;
						TestTargetID = 81D37C702BAC29F60043996A;
					};
				};
			};
			buildConfigurationList = 81D37C6C2BAC29F60043996A /* Build configuration list for PBXProject "1st_hw_YooJaeHyeok" */;
			compatibilityVersion = "Xcode 14.0";
			developmentRegion = en;
			hasScannedForEncodings = 0;
			knownRegions = (
				en,
				Base,
			);
			mainGroup = 81D37C682BAC29F60043996A;
			productRefGroup = 81D37C722BAC29F60043996A /* Products */;
			projectDirPath = "";
			projectRoot = "";
			targets = (
				81D37C702BAC29F60043996A /* 1st_hw_YooJaeHyeok */,
				81D37C862BAC29F70043996A /* 1st_hw_YooJaeHyeokTests */,
				81D37C902BAC29F70043996A /* 1st_hw_YooJaeHyeokUITests */,
			);
		};
/* End PBXProject section */

/* Begin PBXResourcesBuildPhase section */
		81D37C6F2BAC29F60043996A /* Resources */ = {
			isa = PBXResourcesBuildPhase;
			buildActionMask = 2147483647;
			files = (
				81D37C7E2BAC29F70043996A /* Assets.xcassets in Resources */,
				81D37C812BAC29F70043996A /* Base in Resources */,
				81D37C7C2BAC29F60043996A /* Base in Resources */,
			);
			runOnlyForDeploymentPostprocessing = 0;
		};
		81D37C852BAC29F70043996A /* Resources */ = {
			isa = PBXResourcesBuildPhase;
			buildActionMask = 2147483647;
			files = (
			);
			runOnlyForDeploymentPostprocessing = 0;
		};
		81D37C8F2BAC29F70043996A /* Resources */ = {
			isa = PBXResourcesBuildPhase;
			buildActionMask = 2147483647;
			files = (
			);
			runOnlyForDeploymentPostprocessing = 0;
		};
/* End PBXResourcesBuildPhase section */

/* Begin PBXSourcesBuildPhase section */
		81D37C6D2BAC29F60043996A /* Sources */ = {
			isa = PBXSourcesBuildPhase;
			buildActionMask = 2147483647;
			files = (
				81D37C792BAC29F60043996A /* ViewController.swift in Sources */,
				81D37C752BAC29F60043996A /* AppDelegate.swift in Sources */,
				81D37C772BAC29F60043996A /* SceneDelegate.swift in Sources */,
			);
			runOnlyForDeploymentPostprocessing = 0;
		};
		81D37C832BAC29F70043996A /* Sources */ = {
			isa = PBXSourcesBuildPhase;
			buildActionMask = 2147483647;
			files = (
				81D37C8C2BAC29F70043996A /* _st_hw_YooJaeHyeokTests.swift in Sources */,
			);
			runOnlyForDeploymentPostprocessing = 0;
		};
		81D37C8D2BAC29F70043996A /* Sources */ = {
			isa = PBXSourcesBuildPhase;
			buildActionMask = 2147483647;
			files = (
				81D37C982BAC29F70043996A /* _st_hw_YooJaeHyeokUITestsLaunchTests.swift in Sources */,
				81D37C962BAC29F70043996A /* _st_hw_YooJaeHyeokUITests.swift in Sources */,
			);
			runOnlyForDeploymentPostprocessing = 0;
		};
/* End PBXSourcesBuildPhase section */

/* Begin PBXTargetDependency section */
		81D37C892BAC29F70043996A /* PBXTargetDependency */ = {
			isa = PBXTargetDependency;
			target = 81D37C702BAC29F60043996A /* 1st_hw_YooJaeHyeok */;
			targetProxy = 81D37C882BAC29F70043996A /* PBXContainerItemProxy */;
		};
		81D37C932BAC29F70043996A /* PBXTargetDependency */ = {
			isa = PBXTargetDependency;
			target = 81D37C702BAC29F60043996A /* 1st_hw_YooJaeHyeok */;
			targetProxy = 81D37C922BAC29F70043996A /* PBXContainerItemProxy */;
		};
/* End PBXTargetDependency section */

/* Begin PBXVariantGroup section */
		81D37C7A2BAC29F60043996A /* Main.storyboard */ = {
			isa = PBXVariantGroup;
			children = (
				81D37C7B2BAC29F60043996A /* Base */,
			);
			name = Main.storyboard;
			sourceTree = "<group>";
		};
		81D37C7F2BAC29F70043996A /* LaunchScreen.storyboard */ = {
			isa = PBXVariantGroup;
			children = (
				81D37C802BAC29F70043996A /* Base */,
			);
			name = LaunchScreen.storyboard;
			sourceTree = "<group>";
		};
/* End PBXVariantGroup section */

/* Begin XCBuildConfiguration section */
		81D37C992BAC29F70043996A /* Debug */ = {
			isa = XCBuildConfiguration;
			buildSettings = {
				ALWAYS_SEARCH_USER_PATHS = NO;
				ASSETCATALOG_COMPILER_GENERATE_SWIFT_ASSET_SYMBOL_EXTENSIONS = YES;
				CLANG_ANALYZER_NONNULL = YES;
				CLANG_ANALYZER_NUMBER_OBJECT_CONVERSION = YES_AGGRESSIVE;
				CLANG_CXX_LANGUAGE_STANDARD = "gnu++20";
				CLANG_ENABLE_MODULES = YES;
				CLANG_ENABLE_OBJC_ARC = YES;
				CLANG_ENABLE_OBJC_WEAK = YES;
				CLANG_WARN_BLOCK_CAPTURE_AUTORELEASING = YES;
				CLANG_WARN_BOOL_CONVERSION = YES;
				CLANG_WARN_COMMA = YES;
				CLANG_WARN_CONSTANT_CONVERSION = YES;
				CLANG_WARN_DEPRECATED_OBJC_IMPLEMENTATIONS = YES;
				CLANG_WARN_DIRECT_OBJC_ISA_USAGE = YES_ERROR;
				CLANG_WARN_DOCUMENTATION_COMMENTS = YES;
				CLANG_WARN_EMPTY_BODY = YES;
				CLANG_WARN_ENUM_CONVERSION = YES;
				CLANG_WARN_INFINITE_RECURSION = YES;
				CLANG_WARN_INT_CONVERSION = YES;
				CLANG_WARN_NON_LITERAL_NULL_CONVERSION = YES;
				CLANG_WARN_OBJC_IMPLICIT_RETAIN_SELF = YES;
				CLANG_WARN_OBJC_LITERAL_CONVERSION = YES;
				CLANG_WARN_OBJC_ROOT_CLASS = YES_ERROR;
				CLANG_WARN_QUOTED_INCLUDE_IN_FRAMEWORK_HEADER = YES;
				CLANG_WARN_RANGE_LOOP_ANALYSIS = YES;
				CLANG_WARN_STRICT_PROTOTYPES = YES;
				CLANG_WARN_SUSPICIOUS_MOVE = YES;
				CLANG_WARN_UNGUARDED_AVAILABILITY = YES_AGGRESSIVE;
				CLANG_WARN_UNREACHABLE_CODE = YES;
				CLANG_WARN__DUPLICATE_METHOD_MATCH = YES;
				COPY_PHASE_STRIP = NO;
				DEBUG_INFORMATION_FORMAT = dwarf;
				ENABLE_STRICT_OBJC_MSGSEND = YES;
				ENABLE_TESTABILITY = YES;
				ENABLE_USER_SCRIPT_SANDBOXING = YES;
				GCC_C_LANGUAGE_STANDARD = gnu17;
				GCC_DYNAMIC_NO_PIC = NO;
				GCC_NO_COMMON_BLOCKS = YES;
				GCC_OPTIMIZATION_LEVEL = 0;
				GCC_PREPROCESSOR_DEFINITIONS = (
					"DEBUG=1",
					"$(inherited)",
				);
				GCC_WARN_64_TO_32_BIT_CONVERSION = YES;
				GCC_WARN_ABOUT_RETURN_TYPE = YES_ERROR;
				GCC_WARN_UNDECLARED_SELECTOR = YES;
				GCC_WARN_UNINITIALIZED_AUTOS = YES_AGGRESSIVE;
				GCC_WARN_UNUSED_FUNCTION = YES;
				GCC_WARN_UNUSED_VARIABLE = YES;
				IPHONEOS_DEPLOYMENT_TARGET = 17.4;
				LOCALIZATION_PREFERS_STRING_CATALOGS = YES;
				MTL_ENABLE_DEBUG_INFO = INCLUDE_SOURCE;
				MTL_FAST_MATH = YES;
				ONLY_ACTIVE_ARCH = YES;
				SDKROOT = iphoneos;
				SWIFT_ACTIVE_COMPILATION_CONDITIONS = "DEBUG $(inherited)";
				SWIFT_OPTIMIZATION_LEVEL = "-Onone";
			};
			name = Debug;
		};
		81D37C9A2BAC29F70043996A /* Release */ = {
			isa = XCBuildConfiguration;
			buildSettings = {
				ALWAYS_SEARCH_USER_PATHS = NO;
				ASSETCATALOG_COMPILER_GENERATE_SWIFT_ASSET_SYMBOL_EXTENSIONS = YES;
				CLANG_ANALYZER_NONNULL = YES;
				CLANG_ANALYZER_NUMBER_OBJECT_CONVERSION = YES_AGGRESSIVE;
				CLANG_CXX_LANGUAGE_STANDARD = "gnu++20";
				CLANG_ENABLE_MODULES = YES;
				CLANG_ENABLE_OBJC_ARC = YES;
				CLANG_ENABLE_OBJC_WEAK = YES;
				CLANG_WARN_BLOCK_CAPTURE_AUTORELEASING = YES;
				CLANG_WARN_BOOL_CONVERSION = YES;
				CLANG_WARN_COMMA = YES;
				CLANG_WARN_CONSTANT_CONVERSION = YES;
				CLANG_WARN_DEPRECATED_OBJC_IMPLEMENTATIONS = YES;
				CLANG_WARN_DIRECT_OBJC_ISA_USAGE = YES_ERROR;
				CLANG_WARN_DOCUMENTATION_COMMENTS = YES;
				CLANG_WARN_EMPTY_BODY = YES;
				CLANG_WARN_ENUM_CONVERSION = YES;
				CLANG_WARN_INFINITE_RECURSION = YES;
				CLANG_WARN_INT_CONVERSION = YES;
				CLANG_WARN_NON_LITERAL_NULL_CONVERSION = YES;
				CLANG_WARN_OBJC_IMPLICIT_RETAIN_SELF = YES;
				CLANG_WARN_OBJC_LITERAL_CONVERSION = YES;
				CLANG_WARN_OBJC_ROOT_CLASS = YES_ERROR;
				CLANG_WARN_QUOTED_INCLUDE_IN_FRAMEWORK_HEADER = YES;
				CLANG_WARN_RANGE_LOOP_ANALYSIS = YES;
				CLANG_WARN_STRICT_PROTOTYPES = YES;
				CLANG_WARN_SUSPICIOUS_MOVE = YES;
				CLANG_WARN_UNGUARDED_AVAILABILITY = YES_AGGRESSIVE;
				CLANG_WARN_UNREACHABLE_CODE = YES;
				CLANG_WARN__DUPLICATE_METHOD_MATCH = YES;
				COPY_PHASE_STRIP = NO;
				DEBUG_INFORMATION_FORMAT = "dwarf-with-dsym";
				ENABLE_NS_ASSERTIONS = NO;
				ENABLE_STRICT_OBJC_MSGSEND = YES;
				ENABLE_USER_SCRIPT_SANDBOXING = YES;
				GCC_C_LANGUAGE_STANDARD = gnu17;
				GCC_NO_COMMON_BLOCKS = YES;
				GCC_WARN_64_TO_32_BIT_CONVERSION = YES;
				GCC_WARN_ABOUT_RETURN_TYPE = YES_ERROR;
				GCC_WARN_UNDECLARED_SELECTOR = YES;
				GCC_WARN_UNINITIALIZED_AUTOS = YES_AGGRESSIVE;
				GCC_WARN_UNUSED_FUNCTION = YES;
				GCC_WARN_UNUSED_VARIABLE = YES;
				IPHONEOS_DEPLOYMENT_TARGET = 17.4;
				LOCALIZATION_PREFERS_STRING_CATALOGS = YES;
				MTL_ENABLE_DEBUG_INFO = NO;
				MTL_FAST_MATH = YES;
				SDKROOT = iphoneos;
				SWIFT_COMPILATION_MODE = wholemodule;
				VALIDATE_PRODUCT = YES;
			};
			name = Release;
		};
		81D37C9C2BAC29F70043996A /* Debug */ = {
			isa = XCBuildConfiguration;
			buildSettings = {
				ASSETCATALOG_COMPILER_APPICON_NAME = AppIcon;
				ASSETCATALOG_COMPILER_GLOBAL_ACCENT_COLOR_NAME = AccentColor;
				CODE_SIGN_STYLE = Automatic;
				CURRENT_PROJECT_VERSION = 1;
				GENERATE_INFOPLIST_FILE = YES;
				INFOPLIST_FILE = 1st_hw_YooJaeHyeok/Info.plist;
				INFOPLIST_KEY_UIApplicationSupportsIndirectInputEvents = YES;
				INFOPLIST_KEY_UILaunchStoryboardName = LaunchScreen;
				INFOPLIST_KEY_UIMainStoryboardFile = Main;
				INFOPLIST_KEY_UISupportedInterfaceOrientations_iPad = "UIInterfaceOrientationPortrait UIInterfaceOrientationPortraitUpsideDown UIInterfaceOrientationLandscapeLeft UIInterfaceOrientationLandscapeRight";
				INFOPLIST_KEY_UISupportedInterfaceOrientations_iPhone = "UIInterfaceOrientationPortrait UIInterfaceOrientationLandscapeLeft UIInterfaceOrientationLandscapeRight";
				LD_RUNPATH_SEARCH_PATHS = (
					"$(inherited)",
					"@executable_path/Frameworks",
				);
				MARKETING_VERSION = 1.0;
				PRODUCT_BUNDLE_IDENTIFIER = "com.jaehyeokstudy.-st-hw-YooJaeHyeok";
				PRODUCT_NAME = "$(TARGET_NAME)";
				SWIFT_EMIT_LOC_STRINGS = YES;
				SWIFT_VERSION = 5.0;
				TARGETED_DEVICE_FAMILY = "1,2";
			};
			name = Debug;
		};
		81D37C9D2BAC29F70043996A /* Release */ = {
			isa = XCBuildConfiguration;
			buildSettings = {
				ASSETCATALOG_COMPILER_APPICON_NAME = AppIcon;
				ASSETCATALOG_COMPILER_GLOBAL_ACCENT_COLOR_NAME = AccentColor;
				CODE_SIGN_STYLE = Automatic;
				CURRENT_PROJECT_VERSION = 1;
				GENERATE_INFOPLIST_FILE = YES;
				INFOPLIST_FILE = 1st_hw_YooJaeHyeok/Info.plist;
				INFOPLIST_KEY_UIApplicationSupportsIndirectInputEvents = YES;
				INFOPLIST_KEY_UILaunchStoryboardName = LaunchScreen;
				INFOPLIST_KEY_UIMainStoryboardFile = Main;
				INFOPLIST_KEY_UISupportedInterfaceOrientations_iPad = "UIInterfaceOrientationPortrait UIInterfaceOrientationPortraitUpsideDown UIInterfaceOrientationLandscapeLeft UIInterfaceOrientationLandscapeRight";
				INFOPLIST_KEY_UISupportedInterfaceOrientations_iPhone = "UIInterfaceOrientationPortrait UIInterfaceOrientationLandscapeLeft UIInterfaceOrientationLandscapeRight";
				LD_RUNPATH_SEARCH_PATHS = (
					"$(inherited)",
					"@executable_path/Frameworks",
				);
				MARKETING_VERSION = 1.0;
				PRODUCT_BUNDLE_IDENTIFIER = "com.jaehyeokstudy.-st-hw-YooJaeHyeok";
				PRODUCT_NAME = "$(TARGET_NAME)";
				SWIFT_EMIT_LOC_STRINGS = YES;
				SWIFT_VERSION = 5.0;
				TARGETED_DEVICE_FAMILY = "1,2";
			};
			name = Release;
		};
		81D37C9F2BAC29F70043996A /* Debug */ = {
			isa = XCBuildConfiguration;
			buildSettings = {
				ALWAYS_EMBED_SWIFT_STANDARD_LIBRARIES = YES;
				BUNDLE_LOADER = "$(TEST_HOST)";
				CODE_SIGN_STYLE = Automatic;
				CURRENT_PROJECT_VERSION = 1;
				GENERATE_INFOPLIST_FILE = YES;
				IPHONEOS_DEPLOYMENT_TARGET = 17.4;
				MARKETING_VERSION = 1.0;
				PRODUCT_BUNDLE_IDENTIFIER = "com.jaehyeokstudy.-st-hw-YooJaeHyeokTests";
				PRODUCT_NAME = "$(TARGET_NAME)";
				SWIFT_EMIT_LOC_STRINGS = NO;
				SWIFT_VERSION = 5.0;
				TARGETED_DEVICE_FAMILY = "1,2";
				TEST_HOST = "$(BUILT_PRODUCTS_DIR)/1st_hw_YooJaeHyeok.app/$(BUNDLE_EXECUTABLE_FOLDER_PATH)/1st_hw_YooJaeHyeok";
			};
			name = Debug;
		};
		81D37CA02BAC29F70043996A /* Release */ = {
			isa = XCBuildConfiguration;
			buildSettings = {
				ALWAYS_EMBED_SWIFT_STANDARD_LIBRARIES = YES;
				BUNDLE_LOADER = "$(TEST_HOST)";
				CODE_SIGN_STYLE = Automatic;
				CURRENT_PROJECT_VERSION = 1;
				GENERATE_INFOPLIST_FILE = YES;
				IPHONEOS_DEPLOYMENT_TARGET = 17.4;
				MARKETING_VERSION = 1.0;
				PRODUCT_BUNDLE_IDENTIFIER = "com.jaehyeokstudy.-st-hw-YooJaeHyeokTests";
				PRODUCT_NAME = "$(TARGET_NAME)";
				SWIFT_EMIT_LOC_STRINGS = NO;
				SWIFT_VERSION = 5.0;
				TARGETED_DEVICE_FAMILY = "1,2";
				TEST_HOST = "$(BUILT_PRODUCTS_DIR)/1st_hw_YooJaeHyeok.app/$(BUNDLE_EXECUTABLE_FOLDER_PATH)/1st_hw_YooJaeHyeok";
			};
			name = Release;
		};
		81D37CA22BAC29F70043996A /* Debug */ = {
			isa = XCBuildConfiguration;
			buildSettings = {
				ALWAYS_EMBED_SWIFT_STANDARD_LIBRARIES = YES;
				CODE_SIGN_STYLE = Automatic;
				CURRENT_PROJECT_VERSION = 1;
				GENERATE_INFOPLIST_FILE = YES;
				MARKETING_VERSION = 1.0;
				PRODUCT_BUNDLE_IDENTIFIER = "com.jaehyeokstudy.-st-hw-YooJaeHyeokUITests";
				PRODUCT_NAME = "$(TARGET_NAME)";
				SWIFT_EMIT_LOC_STRINGS = NO;
				SWIFT_VERSION = 5.0;
				TARGETED_DEVICE_FAMILY = "1,2";
				TEST_TARGET_NAME = 1st_hw_YooJaeHyeok;
			};
			name = Debug;
		};
		81D37CA32BAC29F70043996A /* Release */ = {
			isa = XCBuildConfiguration;
			buildSettings = {
				ALWAYS_EMBED_SWIFT_STANDARD_LIBRARIES = YES;
				CODE_SIGN_STYLE = Automatic;
				CURRENT_PROJECT_VERSION = 1;
				GENERATE_INFOPLIST_FILE = YES;
				MARKETING_VERSION = 1.0;
				PRODUCT_BUNDLE_IDENTIFIER = "com.jaehyeokstudy.-st-hw-YooJaeHyeokUITests";
				PRODUCT_NAME = "$(TARGET_NAME)";
				SWIFT_EMIT_LOC_STRINGS = NO;
				SWIFT_VERSION = 5.0;
				TARGETED_DEVICE_FAMILY = "1,2";
				TEST_TARGET_NAME = 1st_hw_YooJaeHyeok;
			};
			name = Release;
		};
/* End XCBuildConfiguration section */

/* Begin XCConfigurationList section */
		81D37C6C2BAC29F60043996A /* Build configuration list for PBXProject "1st_hw_YooJaeHyeok" */ = {
			isa = XCConfigurationList;
			buildConfigurations = (
				81D37C992BAC29F70043996A /* Debug */,
				81D37C9A2BAC29F70043996A /* Release */,
			);
			defaultConfigurationIsVisible = 0;
			defaultConfigurationName = Release;
		};
		81D37C9B2BAC29F70043996A /* Build configuration list for PBXNativeTarget "1st_hw_YooJaeHyeok" */ = {
			isa = XCConfigurationList;
			buildConfigurations = (
				81D37C9C2BAC29F70043996A /* Debug */,
				81D37C9D2BAC29F70043996A /* Release */,
			);
			defaultConfigurationIsVisible = 0;
			defaultConfigurationName = Release;
		};
		81D37C9E2BAC29F70043996A /* Build configuration list for PBXNativeTarget "1st_hw_YooJaeHyeokTests" */ = {
			isa = XCConfigurationList;
			buildConfigurations = (
				81D37C9F2BAC29F70043996A /* Debug */,
				81D37CA02BAC29F70043996A /* Release */,
			);
			defaultConfigurationIsVisible = 0;
			defaultConfigurationName = Release;
		};
		81D37CA12BAC29F70043996A /* Build configuration list for PBXNativeTarget "1st_hw_YooJaeHyeokUITests" */ = {
			isa = XCConfigurationList;
			buildConfigurations = (
				81D37CA22BAC29F70043996A /* Debug */,
				81D37CA32BAC29F70043996A /* Release */,
			);
			defaultConfigurationIsVisible = 0;
			defaultConfigurationName = Release;
		};
/* End XCConfigurationList section */
	};
	rootObject = 81D37C692BAC29F60043996A /* Project object */;
}
