// !$*UTF8*$!
{
	archiveVersion = 1;
	classes = {
	};
	objectVersion = 56;
	objects = {

/* Begin PBXBuildFile section */
		817718582BE1D482008CC23E /* AppDelegate.swift in Sources */ = {isa = PBXBuildFile; fileRef = 817718572BE1D482008CC23E /* AppDelegate.swift */; };
		8177185A2BE1D482008CC23E /* SceneDelegate.swift in Sources */ = {isa = PBXBuildFile; fileRef = 817718592BE1D482008CC23E /* SceneDelegate.swift */; };
		8177185C2BE1D482008CC23E /* ViewController.swift in Sources */ = {isa = PBXBuildFile; fileRef = 8177185B2BE1D482008CC23E /* ViewController.swift */; };
		8177185F2BE1D482008CC23E /* Base in Resources */ = {isa = PBXBuildFile; fileRef = 8177185E2BE1D482008CC23E /* Base */; };
		817718612BE1D483008CC23E /* Assets.xcassets in Resources */ = {isa = PBXBuildFile; fileRef = 817718602BE1D483008CC23E /* Assets.xcassets */; };
		817718642BE1D483008CC23E /* Base in Resources */ = {isa = PBXBuildFile; fileRef = 817718632BE1D483008CC23E /* Base */; };
		8177186F2BE1D483008CC23E /* _st_hw_YooJaeHyeokTests.swift in Sources */ = {isa = PBXBuildFile; fileRef = 8177186E2BE1D483008CC23E /* _st_hw_YooJaeHyeokTests.swift */; };
		817718792BE1D483008CC23E /* _st_hw_YooJaeHyeokUITests.swift in Sources */ = {isa = PBXBuildFile; fileRef = 817718782BE1D483008CC23E /* _st_hw_YooJaeHyeokUITests.swift */; };
		8177187B2BE1D483008CC23E /* _st_hw_YooJaeHyeokUITestsLaunchTests.swift in Sources */ = {isa = PBXBuildFile; fileRef = 8177187A2BE1D483008CC23E /* _st_hw_YooJaeHyeokUITestsLaunchTests.swift */; };
/* End PBXBuildFile section */

/* Begin PBXContainerItemProxy section */
		8177186B2BE1D483008CC23E /* PBXContainerItemProxy */ = {
			isa = PBXContainerItemProxy;
			containerPortal = 8177184C2BE1D482008CC23E /* Project object */;
			proxyType = 1;
			remoteGlobalIDString = 817718532BE1D482008CC23E;
			remoteInfo = 5st_hw_YooJaeHyeok;
		};
		817718752BE1D483008CC23E /* PBXContainerItemProxy */ = {
			isa = PBXContainerItemProxy;
			containerPortal = 8177184C2BE1D482008CC23E /* Project object */;
			proxyType = 1;
			remoteGlobalIDString = 817718532BE1D482008CC23E;
			remoteInfo = 5st_hw_YooJaeHyeok;
		};
/* End PBXContainerItemProxy section */

/* Begin PBXFileReference section */
		817718542BE1D482008CC23E /* 5st_hw_YooJaeHyeok.app */ = {isa = PBXFileReference; explicitFileType = wrapper.application; includeInIndex = 0; path = 5st_hw_YooJaeHyeok.app; sourceTree = BUILT_PRODUCTS_DIR; };
		817718572BE1D482008CC23E /* AppDelegate.swift */ = {isa = PBXFileReference; lastKnownFileType = sourcecode.swift; path = AppDelegate.swift; sourceTree = "<group>"; };
		817718592BE1D482008CC23E /* SceneDelegate.swift */ = {isa = PBXFileReference; lastKnownFileType = sourcecode.swift; path = SceneDelegate.swift; sourceTree = "<group>"; };
		8177185B2BE1D482008CC23E /* ViewController.swift */ = {isa = PBXFileReference; lastKnownFileType = sourcecode.swift; path = ViewController.swift; sourceTree = "<group>"; };
		8177185E2BE1D482008CC23E /* Base */ = {isa = PBXFileReference; lastKnownFileType = file.storyboard; name = Base; path = Base.lproj/Main.storyboard; sourceTree = "<group>"; };
		817718602BE1D483008CC23E /* Assets.xcassets */ = {isa = PBXFileReference; lastKnownFileType = folder.assetcatalog; path = Assets.xcassets; sourceTree = "<group>"; };
		817718632BE1D483008CC23E /* Base */ = {isa = PBXFileReference; lastKnownFileType = file.storyboard; name = Base; path = Base.lproj/LaunchScreen.storyboard; sourceTree = "<group>"; };
		817718652BE1D483008CC23E /* Info.plist */ = {isa = PBXFileReference; lastKnownFileType = text.plist.xml; path = Info.plist; sourceTree = "<group>"; };
		8177186A2BE1D483008CC23E /* 5st_hw_YooJaeHyeokTests.xctest */ = {isa = PBXFileReference; explicitFileType = wrapper.cfbundle; includeInIndex = 0; path = 5st_hw_YooJaeHyeokTests.xctest; sourceTree = BUILT_PRODUCTS_DIR; };
		8177186E2BE1D483008CC23E /* _st_hw_YooJaeHyeokTests.swift */ = {isa = PBXFileReference; lastKnownFileType = sourcecode.swift; path = _st_hw_YooJaeHyeokTests.swift; sourceTree = "<group>"; };
		817718742BE1D483008CC23E /* 5st_hw_YooJaeHyeokUITests.xctest */ = {isa = PBXFileReference; explicitFileType = wrapper.cfbundle; includeInIndex = 0; path = 5st_hw_YooJaeHyeokUITests.xctest; sourceTree = BUILT_PRODUCTS_DIR; };
		817718782BE1D483008CC23E /* _st_hw_YooJaeHyeokUITests.swift */ = {isa = PBXFileReference; lastKnownFileType = sourcecode.swift; path = _st_hw_YooJaeHyeokUITests.swift; sourceTree = "<group>"; };
		8177187A2BE1D483008CC23E /* _st_hw_YooJaeHyeokUITestsLaunchTests.swift */ = {isa = PBXFileReference; lastKnownFileType = sourcecode.swift; path = _st_hw_YooJaeHyeokUITestsLaunchTests.swift; sourceTree = "<group>"; };
/* End PBXFileReference section */

/* Begin PBXFrameworksBuildPhase section */
		817718512BE1D482008CC23E /* Frameworks */ = {
			isa = PBXFrameworksBuildPhase;
			buildActionMask = 2147483647;
			files = (
			);
			runOnlyForDeploymentPostprocessing = 0;
		};
		817718672BE1D483008CC23E /* Frameworks */ = {
			isa = PBXFrameworksBuildPhase;
			buildActionMask = 2147483647;
			files = (
			);
			runOnlyForDeploymentPostprocessing = 0;
		};
		817718712BE1D483008CC23E /* Frameworks */ = {
			isa = PBXFrameworksBuildPhase;
			buildActionMask = 2147483647;
			files = (
			);
			runOnlyForDeploymentPostprocessing = 0;
		};
/* End PBXFrameworksBuildPhase section */

/* Begin PBXGroup section */
		8177184B2BE1D482008CC23E = {
			isa = PBXGroup;
			children = (
				817718562BE1D482008CC23E /* 5st_hw_YooJaeHyeok */,
				8177186D2BE1D483008CC23E /* 5st_hw_YooJaeHyeokTests */,
				817718772BE1D483008CC23E /* 5st_hw_YooJaeHyeokUITests */,
				817718552BE1D482008CC23E /* Products */,
			);
			sourceTree = "<group>";
		};
		817718552BE1D482008CC23E /* Products */ = {
			isa = PBXGroup;
			children = (
				817718542BE1D482008CC23E /* 5st_hw_YooJaeHyeok.app */,
				8177186A2BE1D483008CC23E /* 5st_hw_YooJaeHyeokTests.xctest */,
				817718742BE1D483008CC23E /* 5st_hw_YooJaeHyeokUITests.xctest */,
			);
			name = Products;
			sourceTree = "<group>";
		};
		817718562BE1D482008CC23E /* 5st_hw_YooJaeHyeok */ = {
			isa = PBXGroup;
			children = (
				817718572BE1D482008CC23E /* AppDelegate.swift */,
				817718592BE1D482008CC23E /* SceneDelegate.swift */,
				8177185B2BE1D482008CC23E /* ViewController.swift */,
				8177185D2BE1D482008CC23E /* Main.storyboard */,
				817718602BE1D483008CC23E /* Assets.xcassets */,
				817718622BE1D483008CC23E /* LaunchScreen.storyboard */,
				817718652BE1D483008CC23E /* Info.plist */,
			);
			path = 5st_hw_YooJaeHyeok;
			sourceTree = "<group>";
		};
		8177186D2BE1D483008CC23E /* 5st_hw_YooJaeHyeokTests */ = {
			isa = PBXGroup;
			children = (
				8177186E2BE1D483008CC23E /* _st_hw_YooJaeHyeokTests.swift */,
			);
			path = 5st_hw_YooJaeHyeokTests;
			sourceTree = "<group>";
		};
		817718772BE1D483008CC23E /* 5st_hw_YooJaeHyeokUITests */ = {
			isa = PBXGroup;
			children = (
				817718782BE1D483008CC23E /* _st_hw_YooJaeHyeokUITests.swift */,
				8177187A2BE1D483008CC23E /* _st_hw_YooJaeHyeokUITestsLaunchTests.swift */,
			);
			path = 5st_hw_YooJaeHyeokUITests;
			sourceTree = "<group>";
		};
/* End PBXGroup section */

/* Begin PBXNativeTarget section */
		817718532BE1D482008CC23E /* 5st_hw_YooJaeHyeok */ = {
			isa = PBXNativeTarget;
			buildConfigurationList = 8177187E2BE1D483008CC23E /* Build configuration list for PBXNativeTarget "5st_hw_YooJaeHyeok" */;
			buildPhases = (
				817718502BE1D482008CC23E /* Sources */,
				817718512BE1D482008CC23E /* Frameworks */,
				817718522BE1D482008CC23E /* Resources */,
			);
			buildRules = (
			);
			dependencies = (
			);
			name = 5st_hw_YooJaeHyeok;
			productName = 5st_hw_YooJaeHyeok;
			productReference = 817718542BE1D482008CC23E /* 5st_hw_YooJaeHyeok.app */;
			productType = "com.apple.product-type.application";
		};
		817718692BE1D483008CC23E /* 5st_hw_YooJaeHyeokTests */ = {
			isa = PBXNativeTarget;
			buildConfigurationList = 817718812BE1D483008CC23E /* Build configuration list for PBXNativeTarget "5st_hw_YooJaeHyeokTests" */;
			buildPhases = (
				817718662BE1D483008CC23E /* Sources */,
				817718672BE1D483008CC23E /* Frameworks */,
				817718682BE1D483008CC23E /* Resources */,
			);
			buildRules = (
			);
			dependencies = (
				8177186C2BE1D483008CC23E /* PBXTargetDependency */,
			);
			name = 5st_hw_YooJaeHyeokTests;
			productName = 5st_hw_YooJaeHyeokTests;
			productReference = 8177186A2BE1D483008CC23E /* 5st_hw_YooJaeHyeokTests.xctest */;
			productType = "com.apple.product-type.bundle.unit-test";
		};
		817718732BE1D483008CC23E /* 5st_hw_YooJaeHyeokUITests */ = {
			isa = PBXNativeTarget;
			buildConfigurationList = 817718842BE1D483008CC23E /* Build configuration list for PBXNativeTarget "5st_hw_YooJaeHyeokUITests" */;
			buildPhases = (
				817718702BE1D483008CC23E /* Sources */,
				817718712BE1D483008CC23E /* Frameworks */,
				817718722BE1D483008CC23E /* Resources */,
			);
			buildRules = (
			);
			dependencies = (
				817718762BE1D483008CC23E /* PBXTargetDependency */,
			);
			name = 5st_hw_YooJaeHyeokUITests;
			productName = 5st_hw_YooJaeHyeokUITests;
			productReference = 817718742BE1D483008CC23E /* 5st_hw_YooJaeHyeokUITests.xctest */;
			productType = "com.apple.product-type.bundle.ui-testing";
		};
/* End PBXNativeTarget section */

/* Begin PBXProject section */
		8177184C2BE1D482008CC23E /* Project object */ = {
			isa = PBXProject;
			attributes = {
				BuildIndependentTargetsInParallel = 1;
				LastSwiftUpdateCheck = 1530;
				LastUpgradeCheck = 1530;
				TargetAttributes = {
					817718532BE1D482008CC23E = {
						CreatedOnToolsVersion = 15.3;
					};
					817718692BE1D483008CC23E = {
						CreatedOnToolsVersion = 15.3;
						TestTargetID = 817718532BE1D482008CC23E;
					};
					817718732BE1D483008CC23E = {
						CreatedOnToolsVersion = 15.3;
						TestTargetID = 817718532BE1D482008CC23E;
					};
				};
			};
			buildConfigurationList = 8177184F2BE1D482008CC23E /* Build configuration list for PBXProject "5st_hw_YooJaeHyeok" */;
			compatibilityVersion = "Xcode 14.0";
			developmentRegion = en;
			hasScannedForEncodings = 0;
			knownRegions = (
				en,
				Base,
			);
			mainGroup = 8177184B2BE1D482008CC23E;
			productRefGroup = 817718552BE1D482008CC23E /* Products */;
			projectDirPath = "";
			projectRoot = "";
			targets = (
				817718532BE1D482008CC23E /* 5st_hw_YooJaeHyeok */,
				817718692BE1D483008CC23E /* 5st_hw_YooJaeHyeokTests */,
				817718732BE1D483008CC23E /* 5st_hw_YooJaeHyeokUITests */,
			);
		};
/* End PBXProject section */

/* Begin PBXResourcesBuildPhase section */
		817718522BE1D482008CC23E /* Resources */ = {
			isa = PBXResourcesBuildPhase;
			buildActionMask = 2147483647;
			files = (
				817718612BE1D483008CC23E /* Assets.xcassets in Resources */,
				817718642BE1D483008CC23E /* Base in Resources */,
				8177185F2BE1D482008CC23E /* Base in Resources */,
			);
			runOnlyForDeploymentPostprocessing = 0;
		};
		817718682BE1D483008CC23E /* Resources */ = {
			isa = PBXResourcesBuildPhase;
			buildActionMask = 2147483647;
			files = (
			);
			runOnlyForDeploymentPostprocessing = 0;
		};
		817718722BE1D483008CC23E /* Resources */ = {
			isa = PBXResourcesBuildPhase;
			buildActionMask = 2147483647;
			files = (
			);
			runOnlyForDeploymentPostprocessing = 0;
		};
/* End PBXResourcesBuildPhase section */

/* Begin PBXSourcesBuildPhase section */
		817718502BE1D482008CC23E /* Sources */ = {
			isa = PBXSourcesBuildPhase;
			buildActionMask = 2147483647;
			files = (
				8177185C2BE1D482008CC23E /* ViewController.swift in Sources */,
				817718582BE1D482008CC23E /* AppDelegate.swift in Sources */,
				8177185A2BE1D482008CC23E /* SceneDelegate.swift in Sources */,
			);
			runOnlyForDeploymentPostprocessing = 0;
		};
		817718662BE1D483008CC23E /* Sources */ = {
			isa = PBXSourcesBuildPhase;
			buildActionMask = 2147483647;
			files = (
				8177186F2BE1D483008CC23E /* _st_hw_YooJaeHyeokTests.swift in Sources */,
			);
			runOnlyForDeploymentPostprocessing = 0;
		};
		817718702BE1D483008CC23E /* Sources */ = {
			isa = PBXSourcesBuildPhase;
			buildActionMask = 2147483647;
			files = (
				8177187B2BE1D483008CC23E /* _st_hw_YooJaeHyeokUITestsLaunchTests.swift in Sources */,
				817718792BE1D483008CC23E /* _st_hw_YooJaeHyeokUITests.swift in Sources */,
			);
			runOnlyForDeploymentPostprocessing = 0;
		};
/* End PBXSourcesBuildPhase section */

/* Begin PBXTargetDependency section */
		8177186C2BE1D483008CC23E /* PBXTargetDependency */ = {
			isa = PBXTargetDependency;
			target = 817718532BE1D482008CC23E /* 5st_hw_YooJaeHyeok */;
			targetProxy = 8177186B2BE1D483008CC23E /* PBXContainerItemProxy */;
		};
		817718762BE1D483008CC23E /* PBXTargetDependency */ = {
			isa = PBXTargetDependency;
			target = 817718532BE1D482008CC23E /* 5st_hw_YooJaeHyeok */;
			targetProxy = 817718752BE1D483008CC23E /* PBXContainerItemProxy */;
		};
/* End PBXTargetDependency section */

/* Begin PBXVariantGroup section */
		8177185D2BE1D482008CC23E /* Main.storyboard */ = {
			isa = PBXVariantGroup;
			children = (
				8177185E2BE1D482008CC23E /* Base */,
			);
			name = Main.storyboard;
			sourceTree = "<group>";
		};
		817718622BE1D483008CC23E /* LaunchScreen.storyboard */ = {
			isa = PBXVariantGroup;
			children = (
				817718632BE1D483008CC23E /* Base */,
			);
			name = LaunchScreen.storyboard;
			sourceTree = "<group>";
		};
/* End PBXVariantGroup section */

/* Begin XCBuildConfiguration section */
		8177187C2BE1D483008CC23E /* Debug */ = {
			isa = XCBuildConfiguration;
			buildSettings = {
				ALWAYS_SEARCH_USER_PATHS = NO;
				ASSETCATALOG_COMPILER_GENERATE_SWIFT_ASSET_SYMBOL_EXTENSIONS = YES;
				CLANG_ANALYZER_NONNULL = YES;
				CLANG_ANALYZER_NUMBER_OBJECT_CONVERSION = YES_AGGRESSIVE;
				CLANG_CXX_LANGUAGE_STANDARD = "gnu++20";
				CLANG_ENABLE_MODULES = YES;
				CLANG_ENABLE_OBJC_ARC = YES;
				CLANG_ENABLE_OBJC_WEAK = YES;
				CLANG_WARN_BLOCK_CAPTURE_AUTORELEASING = YES;
				CLANG_WARN_BOOL_CONVERSION = YES;
				CLANG_WARN_COMMA = YES;
				CLANG_WARN_CONSTANT_CONVERSION = YES;
				CLANG_WARN_DEPRECATED_OBJC_IMPLEMENTATIONS = YES;
				CLANG_WARN_DIRECT_OBJC_ISA_USAGE = YES_ERROR;
				CLANG_WARN_DOCUMENTATION_COMMENTS = YES;
				CLANG_WARN_EMPTY_BODY = YES;
				CLANG_WARN_ENUM_CONVERSION = YES;
				CLANG_WARN_INFINITE_RECURSION = YES;
				CLANG_WARN_INT_CONVERSION = YES;
				CLANG_WARN_NON_LITERAL_NULL_CONVERSION = YES;
				CLANG_WARN_OBJC_IMPLICIT_RETAIN_SELF = YES;
				CLANG_WARN_OBJC_LITERAL_CONVERSION = YES;
				CLANG_WARN_OBJC_ROOT_CLASS = YES_ERROR;
				CLANG_WARN_QUOTED_INCLUDE_IN_FRAMEWORK_HEADER = YES;
				CLANG_WARN_RANGE_LOOP_ANALYSIS = YES;
				CLANG_WARN_STRICT_PROTOTYPES = YES;
				CLANG_WARN_SUSPICIOUS_MOVE = YES;
				CLANG_WARN_UNGUARDED_AVAILABILITY = YES_AGGRESSIVE;
				CLANG_WARN_UNREACHABLE_CODE = YES;
				CLANG_WARN__DUPLICATE_METHOD_MATCH = YES;
				COPY_PHASE_STRIP = NO;
				DEBUG_INFORMATION_FORMAT = dwarf;
				ENABLE_STRICT_OBJC_MSGSEND = YES;
				ENABLE_TESTABILITY = YES;
				ENABLE_USER_SCRIPT_SANDBOXING = YES;
				GCC_C_LANGUAGE_STANDARD = gnu17;
				GCC_DYNAMIC_NO_PIC = NO;
				GCC_NO_COMMON_BLOCKS = YES;
				GCC_OPTIMIZATION_LEVEL = 0;
				GCC_PREPROCESSOR_DEFINITIONS = (
					"DEBUG=1",
					"$(inherited)",
				);
				GCC_WARN_64_TO_32_BIT_CONVERSION = YES;
				GCC_WARN_ABOUT_RETURN_TYPE = YES_ERROR;
				GCC_WARN_UNDECLARED_SELECTOR = YES;
				GCC_WARN_UNINITIALIZED_AUTOS = YES_AGGRESSIVE;
				GCC_WARN_UNUSED_FUNCTION = YES;
				GCC_WARN_UNUSED_VARIABLE = YES;
				IPHONEOS_DEPLOYMENT_TARGET = 17.4;
				LOCALIZATION_PREFERS_STRING_CATALOGS = YES;
				MTL_ENABLE_DEBUG_INFO = INCLUDE_SOURCE;
				MTL_FAST_MATH = YES;
				ONLY_ACTIVE_ARCH = YES;
				SDKROOT = iphoneos;
				SWIFT_ACTIVE_COMPILATION_CONDITIONS = "DEBUG $(inherited)";
				SWIFT_OPTIMIZATION_LEVEL = "-Onone";
			};
			name = Debug;
		};
		8177187D2BE1D483008CC23E /* Release */ = {
			isa = XCBuildConfiguration;
			buildSettings = {
				ALWAYS_SEARCH_USER_PATHS = NO;
				ASSETCATALOG_COMPILER_GENERATE_SWIFT_ASSET_SYMBOL_EXTENSIONS = YES;
				CLANG_ANALYZER_NONNULL = YES;
				CLANG_ANALYZER_NUMBER_OBJECT_CONVERSION = YES_AGGRESSIVE;
				CLANG_CXX_LANGUAGE_STANDARD = "gnu++20";
				CLANG_ENABLE_MODULES = YES;
				CLANG_ENABLE_OBJC_ARC = YES;
				CLANG_ENABLE_OBJC_WEAK = YES;
				CLANG_WARN_BLOCK_CAPTURE_AUTORELEASING = YES;
				CLANG_WARN_BOOL_CONVERSION = YES;
				CLANG_WARN_COMMA = YES;
				CLANG_WARN_CONSTANT_CONVERSION = YES;
				CLANG_WARN_DEPRECATED_OBJC_IMPLEMENTATIONS = YES;
				CLANG_WARN_DIRECT_OBJC_ISA_USAGE = YES_ERROR;
				CLANG_WARN_DOCUMENTATION_COMMENTS = YES;
				CLANG_WARN_EMPTY_BODY = YES;
				CLANG_WARN_ENUM_CONVERSION = YES;
				CLANG_WARN_INFINITE_RECURSION = YES;
				CLANG_WARN_INT_CONVERSION = YES;
				CLANG_WARN_NON_LITERAL_NULL_CONVERSION = YES;
				CLANG_WARN_OBJC_IMPLICIT_RETAIN_SELF = YES;
				CLANG_WARN_OBJC_LITERAL_CONVERSION = YES;
				CLANG_WARN_OBJC_ROOT_CLASS = YES_ERROR;
				CLANG_WARN_QUOTED_INCLUDE_IN_FRAMEWORK_HEADER = YES;
				CLANG_WARN_RANGE_LOOP_ANALYSIS = YES;
				CLANG_WARN_STRICT_PROTOTYPES = YES;
				CLANG_WARN_SUSPICIOUS_MOVE = YES;
				CLANG_WARN_UNGUARDED_AVAILABILITY = YES_AGGRESSIVE;
				CLANG_WARN_UNREACHABLE_CODE = YES;
				CLANG_WARN__DUPLICATE_METHOD_MATCH = YES;
				COPY_PHASE_STRIP = NO;
				DEBUG_INFORMATION_FORMAT = "dwarf-with-dsym";
				ENABLE_NS_ASSERTIONS = NO;
				ENABLE_STRICT_OBJC_MSGSEND = YES;
				ENABLE_USER_SCRIPT_SANDBOXING = YES;
				GCC_C_LANGUAGE_STANDARD = gnu17;
				GCC_NO_COMMON_BLOCKS = YES;
				GCC_WARN_64_TO_32_BIT_CONVERSION = YES;
				GCC_WARN_ABOUT_RETURN_TYPE = YES_ERROR;
				GCC_WARN_UNDECLARED_SELECTOR = YES;
				GCC_WARN_UNINITIALIZED_AUTOS = YES_AGGRESSIVE;
				GCC_WARN_UNUSED_FUNCTION = YES;
				GCC_WARN_UNUSED_VARIABLE = YES;
				IPHONEOS_DEPLOYMENT_TARGET = 17.4;
				LOCALIZATION_PREFERS_STRING_CATALOGS = YES;
				MTL_ENABLE_DEBUG_INFO = NO;
				MTL_FAST_MATH = YES;
				SDKROOT = iphoneos;
				SWIFT_COMPILATION_MODE = wholemodule;
				VALIDATE_PRODUCT = YES;
			};
			name = Release;
		};
		8177187F2BE1D483008CC23E /* Debug */ = {
			isa = XCBuildConfiguration;
			buildSettings = {
				ASSETCATALOG_COMPILER_APPICON_NAME = AppIcon;
				ASSETCATALOG_COMPILER_GLOBAL_ACCENT_COLOR_NAME = AccentColor;
				CODE_SIGN_STYLE = Automatic;
				CURRENT_PROJECT_VERSION = 1;
				GENERATE_INFOPLIST_FILE = YES;
				INFOPLIST_FILE = 5st_hw_YooJaeHyeok/Info.plist;
				INFOPLIST_KEY_UIApplicationSupportsIndirectInputEvents = YES;
				INFOPLIST_KEY_UILaunchStoryboardName = LaunchScreen;
				INFOPLIST_KEY_UIMainStoryboardFile = Main;
				INFOPLIST_KEY_UISupportedInterfaceOrientations_iPad = "UIInterfaceOrientationPortrait UIInterfaceOrientationPortraitUpsideDown UIInterfaceOrientationLandscapeLeft UIInterfaceOrientationLandscapeRight";
				INFOPLIST_KEY_UISupportedInterfaceOrientations_iPhone = "UIInterfaceOrientationPortrait UIInterfaceOrientationLandscapeLeft UIInterfaceOrientationLandscapeRight";
				LD_RUNPATH_SEARCH_PATHS = (
					"$(inherited)",
					"@executable_path/Frameworks",
				);
				MARKETING_VERSION = 1.0;
				PRODUCT_BUNDLE_IDENTIFIER = "com.jaehyeokstudy.-st-hw-YooJaeHyeok";
				PRODUCT_NAME = "$(TARGET_NAME)";
				SWIFT_EMIT_LOC_STRINGS = YES;
				SWIFT_VERSION = 5.0;
				TARGETED_DEVICE_FAMILY = "1,2";
			};
			name = Debug;
		};
		817718802BE1D483008CC23E /* Release */ = {
			isa = XCBuildConfiguration;
			buildSettings = {
				ASSETCATALOG_COMPILER_APPICON_NAME = AppIcon;
				ASSETCATALOG_COMPILER_GLOBAL_ACCENT_COLOR_NAME = AccentColor;
				CODE_SIGN_STYLE = Automatic;
				CURRENT_PROJECT_VERSION = 1;
				GENERATE_INFOPLIST_FILE = YES;
				INFOPLIST_FILE = 5st_hw_YooJaeHyeok/Info.plist;
				INFOPLIST_KEY_UIApplicationSupportsIndirectInputEvents = YES;
				INFOPLIST_KEY_UILaunchStoryboardName = LaunchScreen;
				INFOPLIST_KEY_UIMainStoryboardFile = Main;
				INFOPLIST_KEY_UISupportedInterfaceOrientations_iPad = "UIInterfaceOrientationPortrait UIInterfaceOrientationPortraitUpsideDown UIInterfaceOrientationLandscapeLeft UIInterfaceOrientationLandscapeRight";
				INFOPLIST_KEY_UISupportedInterfaceOrientations_iPhone = "UIInterfaceOrientationPortrait UIInterfaceOrientationLandscapeLeft UIInterfaceOrientationLandscapeRight";
				LD_RUNPATH_SEARCH_PATHS = (
					"$(inherited)",
					"@executable_path/Frameworks",
				);
				MARKETING_VERSION = 1.0;
				PRODUCT_BUNDLE_IDENTIFIER = "com.jaehyeokstudy.-st-hw-YooJaeHyeok";
				PRODUCT_NAME = "$(TARGET_NAME)";
				SWIFT_EMIT_LOC_STRINGS = YES;
				SWIFT_VERSION = 5.0;
				TARGETED_DEVICE_FAMILY = "1,2";
			};
			name = Release;
		};
		817718822BE1D483008CC23E /* Debug */ = {
			isa = XCBuildConfiguration;
			buildSettings = {
				ALWAYS_EMBED_SWIFT_STANDARD_LIBRARIES = YES;
				BUNDLE_LOADER = "$(TEST_HOST)";
				CODE_SIGN_STYLE = Automatic;
				CURRENT_PROJECT_VERSION = 1;
				GENERATE_INFOPLIST_FILE = YES;
				IPHONEOS_DEPLOYMENT_TARGET = 17.4;
				MARKETING_VERSION = 1.0;
				PRODUCT_BUNDLE_IDENTIFIER = "com.jaehyeokstudy.-st-hw-YooJaeHyeokTests";
				PRODUCT_NAME = "$(TARGET_NAME)";
				SWIFT_EMIT_LOC_STRINGS = NO;
				SWIFT_VERSION = 5.0;
				TARGETED_DEVICE_FAMILY = "1,2";
				TEST_HOST = "$(BUILT_PRODUCTS_DIR)/5st_hw_YooJaeHyeok.app/$(BUNDLE_EXECUTABLE_FOLDER_PATH)/5st_hw_YooJaeHyeok";
			};
			name = Debug;
		};
		817718832BE1D483008CC23E /* Release */ = {
			isa = XCBuildConfiguration;
			buildSettings = {
				ALWAYS_EMBED_SWIFT_STANDARD_LIBRARIES = YES;
				BUNDLE_LOADER = "$(TEST_HOST)";
				CODE_SIGN_STYLE = Automatic;
				CURRENT_PROJECT_VERSION = 1;
				GENERATE_INFOPLIST_FILE = YES;
				IPHONEOS_DEPLOYMENT_TARGET = 17.4;
				MARKETING_VERSION = 1.0;
				PRODUCT_BUNDLE_IDENTIFIER = "com.jaehyeokstudy.-st-hw-YooJaeHyeokTests";
				PRODUCT_NAME = "$(TARGET_NAME)";
				SWIFT_EMIT_LOC_STRINGS = NO;
				SWIFT_VERSION = 5.0;
				TARGETED_DEVICE_FAMILY = "1,2";
				TEST_HOST = "$(BUILT_PRODUCTS_DIR)/5st_hw_YooJaeHyeok.app/$(BUNDLE_EXECUTABLE_FOLDER_PATH)/5st_hw_YooJaeHyeok";
			};
			name = Release;
		};
		817718852BE1D483008CC23E /* Debug */ = {
			isa = XCBuildConfiguration;
			buildSettings = {
				ALWAYS_EMBED_SWIFT_STANDARD_LIBRARIES = YES;
				CODE_SIGN_STYLE = Automatic;
				CURRENT_PROJECT_VERSION = 1;
				GENERATE_INFOPLIST_FILE = YES;
				MARKETING_VERSION = 1.0;
				PRODUCT_BUNDLE_IDENTIFIER = "com.jaehyeokstudy.-st-hw-YooJaeHyeokUITests";
				PRODUCT_NAME = "$(TARGET_NAME)";
				SWIFT_EMIT_LOC_STRINGS = NO;
				SWIFT_VERSION = 5.0;
				TARGETED_DEVICE_FAMILY = "1,2";
				TEST_TARGET_NAME = 5st_hw_YooJaeHyeok;
			};
			name = Debug;
		};
		817718862BE1D483008CC23E /* Release */ = {
			isa = XCBuildConfiguration;
			buildSettings = {
				ALWAYS_EMBED_SWIFT_STANDARD_LIBRARIES = YES;
				CODE_SIGN_STYLE = Automatic;
				CURRENT_PROJECT_VERSION = 1;
				GENERATE_INFOPLIST_FILE = YES;
				MARKETING_VERSION = 1.0;
				PRODUCT_BUNDLE_IDENTIFIER = "com.jaehyeokstudy.-st-hw-YooJaeHyeokUITests";
				PRODUCT_NAME = "$(TARGET_NAME)";
				SWIFT_EMIT_LOC_STRINGS = NO;
				SWIFT_VERSION = 5.0;
				TARGETED_DEVICE_FAMILY = "1,2";
				TEST_TARGET_NAME = 5st_hw_YooJaeHyeok;
			};
			name = Release;
		};
/* End XCBuildConfiguration section */

/* Begin XCConfigurationList section */
		8177184F2BE1D482008CC23E /* Build configuration list for PBXProject "5st_hw_YooJaeHyeok" */ = {
			isa = XCConfigurationList;
			buildConfigurations = (
				8177187C2BE1D483008CC23E /* Debug */,
				8177187D2BE1D483008CC23E /* Release */,
			);
			defaultConfigurationIsVisible = 0;
			defaultConfigurationName = Release;
		};
		8177187E2BE1D483008CC23E /* Build configuration list for PBXNativeTarget "5st_hw_YooJaeHyeok" */ = {
			isa = XCConfigurationList;
			buildConfigurations = (
				8177187F2BE1D483008CC23E /* Debug */,
				817718802BE1D483008CC23E /* Release */,
			);
			defaultConfigurationIsVisible = 0;
			defaultConfigurationName = Release;
		};
		817718812BE1D483008CC23E /* Build configuration list for PBXNativeTarget "5st_hw_YooJaeHyeokTests" */ = {
			isa = XCConfigurationList;
			buildConfigurations = (
				817718822BE1D483008CC23E /* Debug */,
				817718832BE1D483008CC23E /* Release */,
			);
			defaultConfigurationIsVisible = 0;
			defaultConfigurationName = Release;
		};
		817718842BE1D483008CC23E /* Build configuration list for PBXNativeTarget "5st_hw_YooJaeHyeokUITests" */ = {
			isa = XCConfigurationList;
			buildConfigurations = (
				817718852BE1D483008CC23E /* Debug */,
				817718862BE1D483008CC23E /* Release */,
			);
			defaultConfigurationIsVisible = 0;
			defaultConfigurationName = Release;
		};
/* End XCConfigurationList section */
	};
	rootObject = 8177184C2BE1D482008CC23E /* Project object */;
}
